// !$*UTF8*$!
{
	archiveVersion = 1;
	classes = {
	};
	objectVersion = 48;
	objects = {

/* Begin PBXBuildFile section */
		323726541FA5198300F0F290 /* ItemCollectionViewController.swift in Sources */ = {isa = PBXBuildFile; fileRef = 323726531FA5198300F0F290 /* ItemCollectionViewController.swift */; };
		323726561FA51E1100F0F290 /* ItemTableViewController.swift in Sources */ = {isa = PBXBuildFile; fileRef = 323726551FA51E1100F0F290 /* ItemTableViewController.swift */; };
		323726581FA51E2E00F0F290 /* ItemTableViewCell.swift in Sources */ = {isa = PBXBuildFile; fileRef = 323726571FA51E2E00F0F290 /* ItemTableViewCell.swift */; };
		32D178BE1FA0FE2500B7A682 /* Item.swift in Sources */ = {isa = PBXBuildFile; fileRef = 32D178BD1FA0FE2500B7A682 /* Item.swift */; };
		E3A2998B1F9C114400876E62 /* AppDelegate.swift in Sources */ = {isa = PBXBuildFile; fileRef = E3A2998A1F9C114400876E62 /* AppDelegate.swift */; };
		E3A2998D1F9C114400876E62 /* ViewController.swift in Sources */ = {isa = PBXBuildFile; fileRef = E3A2998C1F9C114400876E62 /* ViewController.swift */; };
		E3A299901F9C114400876E62 /* Main.storyboard in Resources */ = {isa = PBXBuildFile; fileRef = E3A2998E1F9C114400876E62 /* Main.storyboard */; };
		E3A299921F9C114400876E62 /* Assets.xcassets in Resources */ = {isa = PBXBuildFile; fileRef = E3A299911F9C114400876E62 /* Assets.xcassets */; };
		E3A299951F9C114400876E62 /* LaunchScreen.storyboard in Resources */ = {isa = PBXBuildFile; fileRef = E3A299931F9C114400876E62 /* LaunchScreen.storyboard */; };
		E3A2999D1F9C120D00876E62 /* MyCollectionViewCell.swift in Sources */ = {isa = PBXBuildFile; fileRef = E3A2999C1F9C120D00876E62 /* MyCollectionViewCell.swift */; };
		E3EDD41F1F9FAEFB00A0E887 /* detailPage.swift in Sources */ = {isa = PBXBuildFile; fileRef = E3EDD41E1F9FAEFB00A0E887 /* detailPage.swift */; };
/* End PBXBuildFile section */

/* Begin PBXFileReference section */
		323726531FA5198300F0F290 /* ItemCollectionViewController.swift */ = {isa = PBXFileReference; fileEncoding = 4; lastKnownFileType = sourcecode.swift; name = ItemCollectionViewController.swift; path = ../../../../../Desktop/601/ItemCollectionViewController.swift; sourceTree = "<group>"; };
		323726551FA51E1100F0F290 /* ItemTableViewController.swift */ = {isa = PBXFileReference; lastKnownFileType = sourcecode.swift; path = ItemTableViewController.swift; sourceTree = "<group>"; };
		323726571FA51E2E00F0F290 /* ItemTableViewCell.swift */ = {isa = PBXFileReference; lastKnownFileType = sourcecode.swift; path = ItemTableViewCell.swift; sourceTree = "<group>"; };
		32D178BD1FA0FE2500B7A682 /* Item.swift */ = {isa = PBXFileReference; lastKnownFileType = sourcecode.swift; path = Item.swift; sourceTree = "<group>"; };
		E3A299871F9C114300876E62 /* 601wardrobe.app */ = {isa = PBXFileReference; explicitFileType = wrapper.application; includeInIndex = 0; path = 601wardrobe.app; sourceTree = BUILT_PRODUCTS_DIR; };
		E3A2998A1F9C114400876E62 /* AppDelegate.swift */ = {isa = PBXFileReference; lastKnownFileType = sourcecode.swift; path = AppDelegate.swift; sourceTree = "<group>"; };
		E3A2998C1F9C114400876E62 /* ViewController.swift */ = {isa = PBXFileReference; lastKnownFileType = sourcecode.swift; path = ViewController.swift; sourceTree = "<group>"; };
		E3A2998F1F9C114400876E62 /* Base */ = {isa = PBXFileReference; lastKnownFileType = file.storyboard; name = Base; path = Base.lproj/Main.storyboard; sourceTree = "<group>"; };
		E3A299911F9C114400876E62 /* Assets.xcassets */ = {isa = PBXFileReference; lastKnownFileType = folder.assetcatalog; path = Assets.xcassets; sourceTree = "<group>"; };
		E3A299941F9C114400876E62 /* Base */ = {isa = PBXFileReference; lastKnownFileType = file.storyboard; name = Base; path = Base.lproj/LaunchScreen.storyboard; sourceTree = "<group>"; };
		E3A299961F9C114400876E62 /* Info.plist */ = {isa = PBXFileReference; lastKnownFileType = text.plist.xml; path = Info.plist; sourceTree = "<group>"; };
		E3A2999C1F9C120D00876E62 /* MyCollectionViewCell.swift */ = {isa = PBXFileReference; lastKnownFileType = sourcecode.swift; path = MyCollectionViewCell.swift; sourceTree = "<group>"; };
		E3EDD41E1F9FAEFB00A0E887 /* detailPage.swift */ = {isa = PBXFileReference; lastKnownFileType = sourcecode.swift; path = detailPage.swift; sourceTree = "<group>"; };
/* End PBXFileReference section */

/* Begin PBXFrameworksBuildPhase section */
		E3A299841F9C114300876E62 /* Frameworks */ = {
			isa = PBXFrameworksBuildPhase;
			buildActionMask = 2147483647;
			files = (
			);
			runOnlyForDeploymentPostprocessing = 0;
		};
/* End PBXFrameworksBuildPhase section */

/* Begin PBXGroup section */
		E3A2997E1F9C114300876E62 = {
			isa = PBXGroup;
			children = (
				E3A299891F9C114400876E62 /* 601wardrobe */,
				E3A299881F9C114300876E62 /* Products */,
			);
			sourceTree = "<group>";
		};
		E3A299881F9C114300876E62 /* Products */ = {
			isa = PBXGroup;
			children = (
				E3A299871F9C114300876E62 /* 601wardrobe.app */,
			);
			name = Products;
			sourceTree = "<group>";
		};
		E3A299891F9C114400876E62 /* 601wardrobe */ = {
			isa = PBXGroup;
			children = (
				E3EDD41E1F9FAEFB00A0E887 /* detailPage.swift */,
				E3A2998A1F9C114400876E62 /* AppDelegate.swift */,
				E3A2998C1F9C114400876E62 /* ViewController.swift */,
				E3A2998E1F9C114400876E62 /* Main.storyboard */,
				323726551FA51E1100F0F290 /* ItemTableViewController.swift */,
				323726571FA51E2E00F0F290 /* ItemTableViewCell.swift */,
				32D178BD1FA0FE2500B7A682 /* Item.swift */,
				323726531FA5198300F0F290 /* ItemCollectionViewController.swift */,
				E3A2999C1F9C120D00876E62 /* MyCollectionViewCell.swift */,
				E3A299911F9C114400876E62 /* Assets.xcassets */,
				E3A299931F9C114400876E62 /* LaunchScreen.storyboard */,
				E3A299961F9C114400876E62 /* Info.plist */,
			);
			path = 601wardrobe;
			sourceTree = "<group>";
		};
/* End PBXGroup section */

/* Begin PBXNativeTarget section */
		E3A299861F9C114300876E62 /* 601wardrobe */ = {
			isa = PBXNativeTarget;
			buildConfigurationList = E3A299991F9C114400876E62 /* Build configuration list for PBXNativeTarget "601wardrobe" */;
			buildPhases = (
				E3A299831F9C114300876E62 /* Sources */,
				E3A299841F9C114300876E62 /* Frameworks */,
				E3A299851F9C114300876E62 /* Resources */,
			);
			buildRules = (
			);
			dependencies = (
			);
			name = 601wardrobe;
			productName = 601wardrobe;
			productReference = E3A299871F9C114300876E62 /* 601wardrobe.app */;
			productType = "com.apple.product-type.application";
		};
/* End PBXNativeTarget section */

/* Begin PBXProject section */
		E3A2997F1F9C114300876E62 /* Project object */ = {
			isa = PBXProject;
			attributes = {
				LastSwiftUpdateCheck = 0900;
				LastUpgradeCheck = 0900;
				ORGANIZATIONNAME = "Tommy Zheng";
				TargetAttributes = {
					E3A299861F9C114300876E62 = {
						CreatedOnToolsVersion = 9.0.1;
						ProvisioningStyle = Manual;
					};
				};
			};
			buildConfigurationList = E3A299821F9C114300876E62 /* Build configuration list for PBXProject "601wardrobe" */;
			compatibilityVersion = "Xcode 8.0";
			developmentRegion = en;
			hasScannedForEncodings = 0;
			knownRegions = (
				en,
				Base,
			);
			mainGroup = E3A2997E1F9C114300876E62;
			productRefGroup = E3A299881F9C114300876E62 /* Products */;
			projectDirPath = "";
			projectRoot = "";
			targets = (
				E3A299861F9C114300876E62 /* 601wardrobe */,
			);
		};
/* End PBXProject section */

/* Begin PBXResourcesBuildPhase section */
		E3A299851F9C114300876E62 /* Resources */ = {
			isa = PBXResourcesBuildPhase;
			buildActionMask = 2147483647;
			files = (
				E3A299951F9C114400876E62 /* LaunchScreen.storyboard in Resources */,
				E3A299921F9C114400876E62 /* Assets.xcassets in Resources */,
				E3A299901F9C114400876E62 /* Main.storyboard in Resources */,
			);
			runOnlyForDeploymentPostprocessing = 0;
		};
/* End PBXResourcesBuildPhase section */

/* Begin PBXSourcesBuildPhase section */
		E3A299831F9C114300876E62 /* Sources */ = {
			isa = PBXSourcesBuildPhase;
			buildActionMask = 2147483647;
			files = (
				32D178BE1FA0FE2500B7A682 /* Item.swift in Sources */,
				E3A2998D1F9C114400876E62 /* ViewController.swift in Sources */,
				E3A2998B1F9C114400876E62 /* AppDelegate.swift in Sources */,
				E3A2999D1F9C120D00876E62 /* MyCollectionViewCell.swift in Sources */,
				323726581FA51E2E00F0F290 /* ItemTableViewCell.swift in Sources */,
				E3EDD41F1F9FAEFB00A0E887 /* detailPage.swift in Sources */,
				323726541FA5198300F0F290 /* ItemCollectionViewController.swift in Sources */,
				323726561FA51E1100F0F290 /* ItemTableViewController.swift in Sources */,
			);
			runOnlyForDeploymentPostprocessing = 0;
		};
/* End PBXSourcesBuildPhase section */

/* Begin PBXVariantGroup section */
		E3A2998E1F9C114400876E62 /* Main.storyboard */ = {
			isa = PBXVariantGroup;
			children = (
				E3A2998F1F9C114400876E62 /* Base */,
			);
			name = Main.storyboard;
			sourceTree = "<group>";
		};
		E3A299931F9C114400876E62 /* LaunchScreen.storyboard */ = {
			isa = PBXVariantGroup;
			children = (
				E3A299941F9C114400876E62 /* Base */,
			);
			name = LaunchScreen.storyboard;
			sourceTree = "<group>";
		};
/* End PBXVariantGroup section */

/* Begin XCBuildConfiguration section */
		E3A299971F9C114400876E62 /* Debug */ = {
			isa = XCBuildConfiguration;
			buildSettings = {
				ALWAYS_SEARCH_USER_PATHS = NO;
				CLANG_ANALYZER_NONNULL = YES;
				CLANG_ANALYZER_NUMBER_OBJECT_CONVERSION = YES_AGGRESSIVE;
				CLANG_CXX_LANGUAGE_STANDARD = "gnu++14";
				CLANG_CXX_LIBRARY = "libc++";
				CLANG_ENABLE_MODULES = YES;
				CLANG_ENABLE_OBJC_ARC = YES;
				CLANG_WARN_BLOCK_CAPTURE_AUTORELEASING = YES;
				CLANG_WARN_BOOL_CONVERSION = YES;
				CLANG_WARN_COMMA = YES;
				CLANG_WARN_CONSTANT_CONVERSION = YES;
				CLANG_WARN_DIRECT_OBJC_ISA_USAGE = YES_ERROR;
				CLANG_WARN_DOCUMENTATION_COMMENTS = YES;
				CLANG_WARN_EMPTY_BODY = YES;
				CLANG_WARN_ENUM_CONVERSION = YES;
				CLANG_WARN_INFINITE_RECURSION = YES;
				CLANG_WARN_INT_CONVERSION = YES;
				CLANG_WARN_NON_LITERAL_NULL_CONVERSION = YES;
				CLANG_WARN_OBJC_LITERAL_CONVERSION = YES;
				CLANG_WARN_OBJC_ROOT_CLASS = YES_ERROR;
				CLANG_WARN_RANGE_LOOP_ANALYSIS = YES;
				CLANG_WARN_STRICT_PROTOTYPES = YES;
				CLANG_WARN_SUSPICIOUS_MOVE = YES;
				CLANG_WARN_UNGUARDED_AVAILABILITY = YES_AGGRESSIVE;
				CLANG_WARN_UNREACHABLE_CODE = YES;
				CLANG_WARN__DUPLICATE_METHOD_MATCH = YES;
				CODE_SIGN_IDENTITY = "iPhone Developer";
				COPY_PHASE_STRIP = NO;
				DEBUG_INFORMATION_FORMAT = dwarf;
				ENABLE_STRICT_OBJC_MSGSEND = YES;
				ENABLE_TESTABILITY = YES;
				GCC_C_LANGUAGE_STANDARD = gnu11;
				GCC_DYNAMIC_NO_PIC = NO;
				GCC_NO_COMMON_BLOCKS = YES;
				GCC_OPTIMIZATION_LEVEL = 0;
				GCC_PREPROCESSOR_DEFINITIONS = (
					"DEBUG=1",
					"$(inherited)",
				);
				GCC_WARN_64_TO_32_BIT_CONVERSION = YES;
				GCC_WARN_ABOUT_RETURN_TYPE = YES_ERROR;
				GCC_WARN_UNDECLARED_SELECTOR = YES;
				GCC_WARN_UNINITIALIZED_AUTOS = YES_AGGRESSIVE;
				GCC_WARN_UNUSED_FUNCTION = YES;
				GCC_WARN_UNUSED_VARIABLE = YES;
				IPHONEOS_DEPLOYMENT_TARGET = 11.0;
				MTL_ENABLE_DEBUG_INFO = YES;
				ONLY_ACTIVE_ARCH = YES;
				SDKROOT = iphoneos;
				SWIFT_ACTIVE_COMPILATION_CONDITIONS = DEBUG;
				SWIFT_OPTIMIZATION_LEVEL = "-Onone";
			};
			name = Debug;
		};
		E3A299981F9C114400876E62 /* Release */ = {
			isa = XCBuildConfiguration;
			buildSettings = {
				ALWAYS_SEARCH_USER_PATHS = NO;
				CLANG_ANALYZER_NONNULL = YES;
				CLANG_ANALYZER_NUMBER_OBJECT_CONVERSION = YES_AGGRESSIVE;
				CLANG_CXX_LANGUAGE_STANDARD = "gnu++14";
				CLANG_CXX_LIBRARY = "libc++";
				CLANG_ENABLE_MODULES = YES;
				CLANG_ENABLE_OBJC_ARC = YES;
				CLANG_WARN_BLOCK_CAPTURE_AUTORELEASING = YES;
				CLANG_WARN_BOOL_CONVERSION = YES;
				CLANG_WARN_COMMA = YES;
				CLANG_WARN_CONSTANT_CONVERSION = YES;
				CLANG_WARN_DIRECT_OBJC_ISA_USAGE = YES_ERROR;
				CLANG_WARN_DOCUMENTATION_COMMENTS = YES;
				CLANG_WARN_EMPTY_BODY = YES;
				CLANG_WARN_ENUM_CONVERSION = YES;
				CLANG_WARN_INFINITE_RECURSION = YES;
				CLANG_WARN_INT_CONVERSION = YES;
				CLANG_WARN_NON_LITERAL_NULL_CONVERSION = YES;
				CLANG_WARN_OBJC_LITERAL_CONVERSION = YES;
				CLANG_WARN_OBJC_ROOT_CLASS = YES_ERROR;
				CLANG_WARN_RANGE_LOOP_ANALYSIS = YES;
				CLANG_WARN_STRICT_PROTOTYPES = YES;
				CLANG_WARN_SUSPICIOUS_MOVE = YES;
				CLANG_WARN_UNGUARDED_AVAILABILITY = YES_AGGRESSIVE;
				CLANG_WARN_UNREACHABLE_CODE = YES;
				CLANG_WARN__DUPLICATE_METHOD_MATCH = YES;
				CODE_SIGN_IDENTITY = "iPhone Developer";
				COPY_PHASE_STRIP = NO;
				DEBUG_INFORMATION_FORMAT = "dwarf-with-dsym";
				ENABLE_NS_ASSERTIONS = NO;
				ENABLE_STRICT_OBJC_MSGSEND = YES;
				GCC_C_LANGUAGE_STANDARD = gnu11;
				GCC_NO_COMMON_BLOCKS = YES;
				GCC_WARN_64_TO_32_BIT_CONVERSION = YES;
				GCC_WARN_ABOUT_RETURN_TYPE = YES_ERROR;
				GCC_WARN_UNDECLARED_SELECTOR = YES;
				GCC_WARN_UNINITIALIZED_AUTOS = YES_AGGRESSIVE;
				GCC_WARN_UNUSED_FUNCTION = YES;
				GCC_WARN_UNUSED_VARIABLE = YES;
				IPHONEOS_DEPLOYMENT_TARGET = 11.0;
				MTL_ENABLE_DEBUG_INFO = NO;
				SDKROOT = iphoneos;
				SWIFT_OPTIMIZATION_LEVEL = "-Owholemodule";
				VALIDATE_PRODUCT = YES;
			};
			name = Release;
		};
		E3A2999A1F9C114400876E62 /* Debug */ = {
			isa = XCBuildConfiguration;
			buildSettings = {
				ASSETCATALOG_COMPILER_APPICON_NAME = AppIcon;
				CODE_SIGN_STYLE = Manual;
				DEVELOPMENT_TEAM = "";
				INFOPLIST_FILE = 601wardrobe/Info.plist;
				LD_RUNPATH_SEARCH_PATHS = "$(inherited) @executable_path/Frameworks";
				PRODUCT_BUNDLE_IDENTIFIER = "build.-01wardrobe";
				PRODUCT_NAME = "$(TARGET_NAME)";
				PROVISIONING_PROFILE_SPECIFIER = "";
				SWIFT_VERSION = 4.0;
				TARGETED_DEVICE_FAMILY = "1,2";
			};
			name = Debug;
		};
		E3A2999B1F9C114400876E62 /* Release */ = {
			isa = XCBuildConfiguration;
			buildSettings = {
				ASSETCATALOG_COMPILER_APPICON_NAME = AppIcon;
				CODE_SIGN_STYLE = Manual;
				DEVELOPMENT_TEAM = "";
				INFOPLIST_FILE = 601wardrobe/Info.plist;
				LD_RUNPATH_SEARCH_PATHS = "$(inherited) @executable_path/Frameworks";
				PRODUCT_BUNDLE_IDENTIFIER = "build.-01wardrobe";
				PRODUCT_NAME = "$(TARGET_NAME)";
				PROVISIONING_PROFILE_SPECIFIER = "";
				SWIFT_VERSION = 4.0;
				TARGETED_DEVICE_FAMILY = "1,2";
			};
			name = Release;
		};
/* End XCBuildConfiguration section */

/* Begin XCConfigurationList section */
		E3A299821F9C114300876E62 /* Build configuration list for PBXProject "601wardrobe" */ = {
			isa = XCConfigurationList;
			buildConfigurations = (
				E3A299971F9C114400876E62 /* Debug */,
				E3A299981F9C114400876E62 /* Release */,
			);
			defaultConfigurationIsVisible = 0;
			defaultConfigurationName = Release;
		};
		E3A299991F9C114400876E62 /* Build configuration list for PBXNativeTarget "601wardrobe" */ = {
			isa = XCConfigurationList;
			buildConfigurations = (
				E3A2999A1F9C114400876E62 /* Debug */,
				E3A2999B1F9C114400876E62 /* Release */,
			);
			defaultConfigurationIsVisible = 0;
			defaultConfigurationName = Release;
		};
/* End XCConfigurationList section */
	};
	rootObject = E3A2997F1F9C114300876E62 /* Project object */;
}
